
Microsoft Visual Studio Solution File, Format Version 12.00
# Visual Studio Version 16
VisualStudioVersion = 16.0.31605.320
MinimumVisualStudioVersion = 10.0.40219.1
Project("{FAE04EC0-301F-11D3-BF4B-00C04F79EFBC}") = "ControlWeb", "ControlWeb.csproj", "{158E681E-8B91-441A-BF42-5AE8136BE7E5}"
EndProject
Global
	GlobalSection(SolutionConfigurationPlatforms) = preSolution
		Debug|Any CPU = Debug|Any CPU
		Release|Any CPU = Release|Any CPU
	EndGlobalSection
	GlobalSection(ProjectConfigurationPlatforms) = postSolution
		{158E681E-8B91-441A-BF42-5AE8136BE7E5}.Debug|Any CPU.ActiveCfg = Debug|Any CPU
		{158E681E-8B91-441A-BF42-5AE8136BE7E5}.Debug|Any CPU.Build.0 = Debug|Any CPU
		{158E681E-8B91-441A-BF42-5AE8136BE7E5}.Release|Any CPU.ActiveCfg = Release|Any CPU
		{158E681E-8B91-441A-BF42-5AE8136BE7E5}.Release|Any CPU.Build.0 = Release|Any CPU
	EndGlobalSection
	GlobalSection(SolutionProperties) = preSolution
		HideSolutionNode = FALSE
	EndGlobalSection
	GlobalSection(ExtensibilityGlobals) = postSolution
		SolutionGuid = {BE31F77C-37A7-4617-B960-490E0B11127C}
	EndGlobalSection
EndGlobal
